
Microsoft Visual Studio Solution File, Format Version 12.00
# Visual Studio 15
VisualStudioVersion = 15.0.26430.15
MinimumVisualStudioVersion = 10.0.40219.1
Project("{FAE04EC0-301F-11D3-BF4B-00C04F79EFBC}") = "Milyli.ScriptRunner.Web", "..\Milyli.ScriptRunner.Web\Milyli.ScriptRunner.Web.csproj", "{B350724D-06DC-4DED-8B23-910BD1E14685}"
EndProject
Project("{FAE04EC0-301F-11D3-BF4B-00C04F79EFBC}") = "Milyli.ScriptRunner.Core", "..\Milyli.ScriptRunner.Core\Milyli.ScriptRunner.Core.csproj", "{EAF9C518-B0B8-4445-898C-DB68A3FF1057}"
EndProject
Project("{FAE04EC0-301F-11D3-BF4B-00C04F79EFBC}") = "Milyli.ScriptRunner.Core.Test", "..\Milyli.ScriptRunner.Core.Test\Milyli.ScriptRunner.Core.Test.csproj", "{0C05ECBF-14F5-4EFC-906E-59453F2F5E7F}"
EndProject
Project("{FAE04EC0-301F-11D3-BF4B-00C04F79EFBC}") = "Milyli.ScriptRunner.Agent", "..\Milyli.ScriptRunner.Agent\Milyli.ScriptRunner.Agent.csproj", "{A3E50474-A27D-486B-B46B-C0FB6B40D3C5}"
EndProject
Project("{FAE04EC0-301F-11D3-BF4B-00C04F79EFBC}") = "Milyli.ScriptRunner.EventHandlers", "..\Milyli.ScriptRunner.EventHandlers\Milyli.ScriptRunner.EventHandlers.csproj", "{67C92CEA-C099-4770-9B8C-4FEB34910595}"
EndProject
Project("{FAE04EC0-301F-11D3-BF4B-00C04F79EFBC}") = "Milyli.ScriptRunner.MilyliDependencies", "Milyli.ScriptRunner.MilyliDependencies\Milyli.ScriptRunner.MilyliDependencies.csproj", "{0183CC66-B353-4352-8F84-82D3818037A7}"
EndProject
Global
	GlobalSection(SolutionConfigurationPlatforms) = preSolution
		Debug|Any CPU = Debug|Any CPU
		Release|Any CPU = Release|Any CPU
	EndGlobalSection
	GlobalSection(ProjectConfigurationPlatforms) = postSolution
		{B350724D-06DC-4DED-8B23-910BD1E14685}.Debug|Any CPU.ActiveCfg = Debug|Any CPU
		{B350724D-06DC-4DED-8B23-910BD1E14685}.Debug|Any CPU.Build.0 = Debug|Any CPU
		{B350724D-06DC-4DED-8B23-910BD1E14685}.Release|Any CPU.ActiveCfg = Release|Any CPU
		{B350724D-06DC-4DED-8B23-910BD1E14685}.Release|Any CPU.Build.0 = Release|Any CPU
		{EAF9C518-B0B8-4445-898C-DB68A3FF1057}.Debug|Any CPU.ActiveCfg = Debug|Any CPU
		{EAF9C518-B0B8-4445-898C-DB68A3FF1057}.Debug|Any CPU.Build.0 = Debug|Any CPU
		{EAF9C518-B0B8-4445-898C-DB68A3FF1057}.Release|Any CPU.ActiveCfg = Release|Any CPU
		{EAF9C518-B0B8-4445-898C-DB68A3FF1057}.Release|Any CPU.Build.0 = Release|Any CPU
		{0C05ECBF-14F5-4EFC-906E-59453F2F5E7F}.Debug|Any CPU.ActiveCfg = Debug|Any CPU
		{0C05ECBF-14F5-4EFC-906E-59453F2F5E7F}.Debug|Any CPU.Build.0 = Debug|Any CPU
		{0C05ECBF-14F5-4EFC-906E-59453F2F5E7F}.Release|Any CPU.ActiveCfg = Release|Any CPU
		{0C05ECBF-14F5-4EFC-906E-59453F2F5E7F}.Release|Any CPU.Build.0 = Release|Any CPU
		{A3E50474-A27D-486B-B46B-C0FB6B40D3C5}.Debug|Any CPU.ActiveCfg = Debug|Any CPU
		{A3E50474-A27D-486B-B46B-C0FB6B40D3C5}.Debug|Any CPU.Build.0 = Debug|Any CPU
		{A3E50474-A27D-486B-B46B-C0FB6B40D3C5}.Release|Any CPU.ActiveCfg = Release|Any CPU
		{A3E50474-A27D-486B-B46B-C0FB6B40D3C5}.Release|Any CPU.Build.0 = Release|Any CPU
		{67C92CEA-C099-4770-9B8C-4FEB34910595}.Debug|Any CPU.ActiveCfg = Debug|Any CPU
		{67C92CEA-C099-4770-9B8C-4FEB34910595}.Debug|Any CPU.Build.0 = Debug|Any CPU
		{67C92CEA-C099-4770-9B8C-4FEB34910595}.Release|Any CPU.ActiveCfg = Release|Any CPU
		{67C92CEA-C099-4770-9B8C-4FEB34910595}.Release|Any CPU.Build.0 = Release|Any CPU
		{0183CC66-B353-4352-8F84-82D3818037A7}.Debug|Any CPU.ActiveCfg = Debug|Any CPU
		{0183CC66-B353-4352-8F84-82D3818037A7}.Debug|Any CPU.Build.0 = Debug|Any CPU
		{0183CC66-B353-4352-8F84-82D3818037A7}.Release|Any CPU.ActiveCfg = Release|Any CPU
		{0183CC66-B353-4352-8F84-82D3818037A7}.Release|Any CPU.Build.0 = Release|Any CPU
	EndGlobalSection
	GlobalSection(SolutionProperties) = preSolution
		HideSolutionNode = FALSE
	EndGlobalSection
EndGlobal
